
Microsoft Visual Studio Solution File, Format Version 12.00
# Visual Studio Version 17
VisualStudioVersion = 17.0.31903.59
MinimumVisualStudioVersion = 10.0.40219.1
Project("{2150E333-8FDC-42A3-9474-1A3956D46DE8}") = "src", "src", "{827E0CD3-B72D-47B6-A68D-7590B98EB39B}"
EndProject
Project("{FAE04EC0-301F-11D3-BF4B-00C04F79EFBC}") = "SalesDesk.Domain", "src\SalesDesk.Domain\SalesDesk.Domain.csproj", "{DE24A9D8-16CE-4636-A080-F6514ABD4CC2}"
EndProject
Project("{FAE04EC0-301F-11D3-BF4B-00C04F79EFBC}") = "SalesDesk.Application", "src\SalesDesk.Application\SalesDesk.Application.csproj", "{4EDBBF70-94A0-4272-BFDC-E448FDD74420}"
EndProject
Project("{FAE04EC0-301F-11D3-BF4B-00C04F79EFBC}") = "SalesDesk.Infrastructure", "src\SalesDesk.Infrastructure\SalesDesk.Infrastructure.csproj", "{276AFBA8-7CEC-4ABB-AF2E-D7203D01135D}"
EndProject
Project("{FAE04EC0-301F-11D3-BF4B-00C04F79EFBC}") = "SalesDesk.Api", "src\SalesDesk.Api\SalesDesk.Api.csproj", "{8F36E082-455D-42A8-A87F-B9240486B657}"
EndProject
Project("{FAE04EC0-301F-11D3-BF4B-00C04F79EFBC}") = "SalesDesk.Domain.Tests", "tests\SalesDesk.Domain.Tests\SalesDesk.Domain.Tests.csproj", "{A93EB2D0-C4D3-46F8-815D-AC2D6CA8C5B0}"
EndProject
Project("{FAE04EC0-301F-11D3-BF4B-00C04F79EFBC}") = "SalesDesk.Application.Tests", "tests\SalesDesk.Application.Tests\SalesDesk.Application.Tests.csproj", "{4E304829-194B-40AC-A414-005804C604F5}"
EndProject
Project("{FAE04EC0-301F-11D3-BF4B-00C04F79EFBC}") = "SalesDesk.Infrastructure.Tests", "tests\SalesDesk.Infrastructure.Tests\SalesDesk.Infrastructure.Tests.csproj", "{9FA2BE52-8A7C-4B8B-B5A4-113AE6EA813E}"
EndProject
Project("{FAE04EC0-301F-11D3-BF4B-00C04F79EFBC}") = "SalesDesk.Api.Tests", "tests\SalesDesk.Api.Tests\SalesDesk.Api.Tests.csproj", "{EAE2DC2E-5129-4E03-8B34-B603BA6A1510}"
EndProject
Project("{FAE04EC0-301F-11D3-BF4B-00C04F79EFBC}") = "SalesDesk.IntegrationTests", "tests\SalesDesk.IntegrationTests\SalesDesk.IntegrationTests.csproj", "{9B9C3D7E-25FD-4F1D-B1AF-8712E4EECE7C}"
EndProject
Global
	GlobalSection(SolutionConfigurationPlatforms) = preSolution
		Debug|Any CPU = Debug|Any CPU
		Debug|x64 = Debug|x64
		Debug|x86 = Debug|x86
		Release|Any CPU = Release|Any CPU
		Release|x64 = Release|x64
		Release|x86 = Release|x86
	EndGlobalSection
	GlobalSection(ProjectConfigurationPlatforms) = postSolution
		{DE24A9D8-16CE-4636-A080-F6514ABD4CC2}.Debug|Any CPU.ActiveCfg = Debug|Any CPU
		{DE24A9D8-16CE-4636-A080-F6514ABD4CC2}.Debug|Any CPU.Build.0 = Debug|Any CPU
		{DE24A9D8-16CE-4636-A080-F6514ABD4CC2}.Debug|x64.ActiveCfg = Debug|Any CPU
		{DE24A9D8-16CE-4636-A080-F6514ABD4CC2}.Debug|x64.Build.0 = Debug|Any CPU
		{DE24A9D8-16CE-4636-A080-F6514ABD4CC2}.Debug|x86.ActiveCfg = Debug|Any CPU
		{DE24A9D8-16CE-4636-A080-F6514ABD4CC2}.Debug|x86.Build.0 = Debug|Any CPU
		{DE24A9D8-16CE-4636-A080-F6514ABD4CC2}.Release|Any CPU.ActiveCfg = Release|Any CPU
		{DE24A9D8-16CE-4636-A080-F6514ABD4CC2}.Release|Any CPU.Build.0 = Release|Any CPU
		{DE24A9D8-16CE-4636-A080-F6514ABD4CC2}.Release|x64.ActiveCfg = Release|Any CPU
		{DE24A9D8-16CE-4636-A080-F6514ABD4CC2}.Release|x64.Build.0 = Release|Any CPU
		{DE24A9D8-16CE-4636-A080-F6514ABD4CC2}.Release|x86.ActiveCfg = Release|Any CPU
		{DE24A9D8-16CE-4636-A080-F6514ABD4CC2}.Release|x86.Build.0 = Release|Any CPU
		{4EDBBF70-94A0-4272-BFDC-E448FDD74420}.Debug|Any CPU.ActiveCfg = Debug|Any CPU
		{4EDBBF70-94A0-4272-BFDC-E448FDD74420}.Debug|Any CPU.Build.0 = Debug|Any CPU
		{4EDBBF70-94A0-4272-BFDC-E448FDD74420}.Debug|x64.ActiveCfg = Debug|Any CPU
		{4EDBBF70-94A0-4272-BFDC-E448FDD74420}.Debug|x64.Build.0 = Debug|Any CPU
		{4EDBBF70-94A0-4272-BFDC-E448FDD74420}.Debug|x86.ActiveCfg = Debug|Any CPU
		{4EDBBF70-94A0-4272-BFDC-E448FDD74420}.Debug|x86.Build.0 = Debug|Any CPU
		{4EDBBF70-94A0-4272-BFDC-E448FDD74420}.Release|Any CPU.ActiveCfg = Release|Any CPU
		{4EDBBF70-94A0-4272-BFDC-E448FDD74420}.Release|Any CPU.Build.0 = Release|Any CPU
		{4EDBBF70-94A0-4272-BFDC-E448FDD74420}.Release|x64.ActiveCfg = Release|Any CPU
		{4EDBBF70-94A0-4272-BFDC-E448FDD74420}.Release|x64.Build.0 = Release|Any CPU
		{4EDBBF70-94A0-4272-BFDC-E448FDD74420}.Release|x86.ActiveCfg = Release|Any CPU
		{4EDBBF70-94A0-4272-BFDC-E448FDD74420}.Release|x86.Build.0 = Release|Any CPU
		{276AFBA8-7CEC-4ABB-AF2E-D7203D01135D}.Debug|Any CPU.ActiveCfg = Debug|Any CPU
		{276AFBA8-7CEC-4ABB-AF2E-D7203D01135D}.Debug|Any CPU.Build.0 = Debug|Any CPU
		{276AFBA8-7CEC-4ABB-AF2E-D7203D01135D}.Debug|x64.ActiveCfg = Debug|Any CPU
		{276AFBA8-7CEC-4ABB-AF2E-D7203D01135D}.Debug|x64.Build.0 = Debug|Any CPU
		{276AFBA8-7CEC-4ABB-AF2E-D7203D01135D}.Debug|x86.ActiveCfg = Debug|Any CPU
		{276AFBA8-7CEC-4ABB-AF2E-D7203D01135D}.Debug|x86.Build.0 = Debug|Any CPU
		{276AFBA8-7CEC-4ABB-AF2E-D7203D01135D}.Release|Any CPU.ActiveCfg = Release|Any CPU
		{276AFBA8-7CEC-4ABB-AF2E-D7203D01135D}.Release|Any CPU.Build.0 = Release|Any CPU
		{276AFBA8-7CEC-4ABB-AF2E-D7203D01135D}.Release|x64.ActiveCfg = Release|Any CPU
		{276AFBA8-7CEC-4ABB-AF2E-D7203D01135D}.Release|x64.Build.0 = Release|Any CPU
		{276AFBA8-7CEC-4ABB-AF2E-D7203D01135D}.Release|x86.ActiveCfg = Release|Any CPU
		{276AFBA8-7CEC-4ABB-AF2E-D7203D01135D}.Release|x86.Build.0 = Release|Any CPU
		{8F36E082-455D-42A8-A87F-B9240486B657}.Debug|Any CPU.ActiveCfg = Debug|Any CPU
		{8F36E082-455D-42A8-A87F-B9240486B657}.Debug|Any CPU.Build.0 = Debug|Any CPU
		{8F36E082-455D-42A8-A87F-B9240486B657}.Debug|x64.ActiveCfg = Debug|Any CPU
		{8F36E082-455D-42A8-A87F-B9240486B657}.Debug|x64.Build.0 = Debug|Any CPU
		{8F36E082-455D-42A8-A87F-B9240486B657}.Debug|x86.ActiveCfg = Debug|Any CPU
		{8F36E082-455D-42A8-A87F-B9240486B657}.Debug|x86.Build.0 = Debug|Any CPU
		{8F36E082-455D-42A8-A87F-B9240486B657}.Release|Any CPU.ActiveCfg = Release|Any CPU
		{8F36E082-455D-42A8-A87F-B9240486B657}.Release|Any CPU.Build.0 = Release|Any CPU
		{8F36E082-455D-42A8-A87F-B9240486B657}.Release|x64.ActiveCfg = Release|Any CPU
		{8F36E082-455D-42A8-A87F-B9240486B657}.Release|x64.Build.0 = Release|Any CPU
		{8F36E082-455D-42A8-A87F-B9240486B657}.Release|x86.ActiveCfg = Release|Any CPU
		{8F36E082-455D-42A8-A87F-B9240486B657}.Release|x86.Build.0 = Release|Any CPU
		{A93EB2D0-C4D3-46F8-815D-AC2D6CA8C5B0}.Debug|Any CPU.ActiveCfg = Debug|Any CPU
		{A93EB2D0-C4D3-46F8-815D-AC2D6CA8C5B0}.Debug|Any CPU.Build.0 = Debug|Any CPU
		{A93EB2D0-C4D3-46F8-815D-AC2D6CA8C5B0}.Debug|x64.ActiveCfg = Debug|Any CPU
		{A93EB2D0-C4D3-46F8-815D-AC2D6CA8C5B0}.Debug|x64.Build.0 = Debug|Any CPU
		{A93EB2D0-C4D3-46F8-815D-AC2D6CA8C5B0}.Debug|x86.ActiveCfg = Debug|Any CPU
		{A93EB2D0-C4D3-46F8-815D-AC2D6CA8C5B0}.Debug|x86.Build.0 = Debug|Any CPU
		{A93EB2D0-C4D3-46F8-815D-AC2D6CA8C5B0}.Release|Any CPU.ActiveCfg = Release|Any CPU
		{A93EB2D0-C4D3-46F8-815D-AC2D6CA8C5B0}.Release|Any CPU.Build.0 = Release|Any CPU
		{A93EB2D0-C4D3-46F8-815D-AC2D6CA8C5B0}.Release|x64.ActiveCfg = Release|Any CPU
		{A93EB2D0-C4D3-46F8-815D-AC2D6CA8C5B0}.Release|x64.Build.0 = Release|Any CPU
		{A93EB2D0-C4D3-46F8-815D-AC2D6CA8C5B0}.Release|x86.ActiveCfg = Release|Any CPU
		{A93EB2D0-C4D3-46F8-815D-AC2D6CA8C5B0}.Release|x86.Build.0 = Release|Any CPU
		{4E304829-194B-40AC-A414-005804C604F5}.Debug|Any CPU.ActiveCfg = Debug|Any CPU
		{4E304829-194B-40AC-A414-005804C604F5}.Debug|Any CPU.Build.0 = Debug|Any CPU
		{4E304829-194B-40AC-A414-005804C604F5}.Debug|x64.ActiveCfg = Debug|Any CPU
		{4E304829-194B-40AC-A414-005804C604F5}.Debug|x64.Build.0 = Debug|Any CPU
		{4E304829-194B-40AC-A414-005804C604F5}.Debug|x86.ActiveCfg = Debug|Any CPU
		{4E304829-194B-40AC-A414-005804C604F5}.Debug|x86.Build.0 = Debug|Any CPU
		{4E304829-194B-40AC-A414-005804C604F5}.Release|Any CPU.ActiveCfg = Release|Any CPU
		{4E304829-194B-40AC-A414-005804C604F5}.Release|Any CPU.Build.0 = Release|Any CPU
		{4E304829-194B-40AC-A414-005804C604F5}.Release|x64.ActiveCfg = Release|Any CPU
		{4E304829-194B-40AC-A414-005804C604F5}.Release|x64.Build.0 = Release|Any CPU
		{4E304829-194B-40AC-A414-005804C604F5}.Release|x86.ActiveCfg = Release|Any CPU
		{4E304829-194B-40AC-A414-005804C604F5}.Release|x86.Build.0 = Release|Any CPU
		{9FA2BE52-8A7C-4B8B-B5A4-113AE6EA813E}.Debug|Any CPU.ActiveCfg = Debug|Any CPU
		{9FA2BE52-8A7C-4B8B-B5A4-113AE6EA813E}.Debug|Any CPU.Build.0 = Debug|Any CPU
		{9FA2BE52-8A7C-4B8B-B5A4-113AE6EA813E}.Debug|x64.ActiveCfg = Debug|Any CPU
		{9FA2BE52-8A7C-4B8B-B5A4-113AE6EA813E}.Debug|x64.Build.0 = Debug|Any CPU
		{9FA2BE52-8A7C-4B8B-B5A4-113AE6EA813E}.Debug|x86.ActiveCfg = Debug|Any CPU
		{9FA2BE52-8A7C-4B8B-B5A4-113AE6EA813E}.Debug|x86.Build.0 = Debug|Any CPU
		{9FA2BE52-8A7C-4B8B-B5A4-113AE6EA813E}.Release|Any CPU.ActiveCfg = Release|Any CPU
		{9FA2BE52-8A7C-4B8B-B5A4-113AE6EA813E}.Release|Any CPU.Build.0 = Release|Any CPU
		{9FA2BE52-8A7C-4B8B-B5A4-113AE6EA813E}.Release|x64.ActiveCfg = Release|Any CPU
		{9FA2BE52-8A7C-4B8B-B5A4-113AE6EA813E}.Release|x64.Build.0 = Release|Any CPU
		{9FA2BE52-8A7C-4B8B-B5A4-113AE6EA813E}.Release|x86.ActiveCfg = Release|Any CPU
		{9FA2BE52-8A7C-4B8B-B5A4-113AE6EA813E}.Release|x86.Build.0 = Release|Any CPU
		{EAE2DC2E-5129-4E03-8B34-B603BA6A1510}.Debug|Any CPU.ActiveCfg = Debug|Any CPU
		{EAE2DC2E-5129-4E03-8B34-B603BA6A1510}.Debug|Any CPU.Build.0 = Debug|Any CPU
		{EAE2DC2E-5129-4E03-8B34-B603BA6A1510}.Debug|x64.ActiveCfg = Debug|Any CPU
		{EAE2DC2E-5129-4E03-8B34-B603BA6A1510}.Debug|x64.Build.0 = Debug|Any CPU
		{EAE2DC2E-5129-4E03-8B34-B603BA6A1510}.Debug|x86.ActiveCfg = Debug|Any CPU
		{EAE2DC2E-5129-4E03-8B34-B603BA6A1510}.Debug|x86.Build.0 = Debug|Any CPU
		{EAE2DC2E-5129-4E03-8B34-B603BA6A1510}.Release|Any CPU.ActiveCfg = Release|Any CPU
		{EAE2DC2E-5129-4E03-8B34-B603BA6A1510}.Release|Any CPU.Build.0 = Release|Any CPU
		{EAE2DC2E-5129-4E03-8B34-B603BA6A1510}.Release|x64.ActiveCfg = Release|Any CPU
		{EAE2DC2E-5129-4E03-8B34-B603BA6A1510}.Release|x64.Build.0 = Release|Any CPU
		{EAE2DC2E-5129-4E03-8B34-B603BA6A1510}.Release|x86.ActiveCfg = Release|Any CPU
		{EAE2DC2E-5129-4E03-8B34-B603BA6A1510}.Release|x86.Build.0 = Release|Any CPU
		{9B9C3D7E-25FD-4F1D-B1AF-8712E4EECE7C}.Debug|Any CPU.ActiveCfg = Debug|Any CPU
		{9B9C3D7E-25FD-4F1D-B1AF-8712E4EECE7C}.Debug|Any CPU.Build.0 = Debug|Any CPU
		{9B9C3D7E-25FD-4F1D-B1AF-8712E4EECE7C}.Debug|x64.ActiveCfg = Debug|Any CPU
		{9B9C3D7E-25FD-4F1D-B1AF-8712E4EECE7C}.Debug|x64.Build.0 = Debug|Any CPU
		{9B9C3D7E-25FD-4F1D-B1AF-8712E4EECE7C}.Debug|x86.ActiveCfg = Debug|Any CPU
		{9B9C3D7E-25FD-4F1D-B1AF-8712E4EECE7C}.Debug|x86.Build.0 = Debug|Any CPU
		{9B9C3D7E-25FD-4F1D-B1AF-8712E4EECE7C}.Release|Any CPU.ActiveCfg = Release|Any CPU
		{9B9C3D7E-25FD-4F1D-B1AF-8712E4EECE7C}.Release|Any CPU.Build.0 = Release|Any CPU
		{9B9C3D7E-25FD-4F1D-B1AF-8712E4EECE7C}.Release|x64.ActiveCfg = Release|Any CPU
		{9B9C3D7E-25FD-4F1D-B1AF-8712E4EECE7C}.Release|x64.Build.0 = Release|Any CPU
		{9B9C3D7E-25FD-4F1D-B1AF-8712E4EECE7C}.Release|x86.ActiveCfg = Release|Any CPU
		{9B9C3D7E-25FD-4F1D-B1AF-8712E4EECE7C}.Release|x86.Build.0 = Release|Any CPU
	EndGlobalSection
	GlobalSection(SolutionProperties) = preSolution
		HideSolutionNode = FALSE
	EndGlobalSection
	GlobalSection(NestedProjects) = preSolution
		{DE24A9D8-16CE-4636-A080-F6514ABD4CC2} = {827E0CD3-B72D-47B6-A68D-7590B98EB39B}
		{4EDBBF70-94A0-4272-BFDC-E448FDD74420} = {827E0CD3-B72D-47B6-A68D-7590B98EB39B}
		{276AFBA8-7CEC-4ABB-AF2E-D7203D01135D} = {827E0CD3-B72D-47B6-A68D-7590B98EB39B}
		{8F36E082-455D-42A8-A87F-B9240486B657} = {827E0CD3-B72D-47B6-A68D-7590B98EB39B}
		{A93EB2D0-C4D3-46F8-815D-AC2D6CA8C5B0} = {827E0CD3-B72D-47B6-A68D-7590B98EB39B}
		{4E304829-194B-40AC-A414-005804C604F5} = {827E0CD3-B72D-47B6-A68D-7590B98EB39B}
		{9FA2BE52-8A7C-4B8B-B5A4-113AE6EA813E} = {827E0CD3-B72D-47B6-A68D-7590B98EB39B}
		{EAE2DC2E-5129-4E03-8B34-B603BA6A1510} = {827E0CD3-B72D-47B6-A68D-7590B98EB39B}
		{9B9C3D7E-25FD-4F1D-B1AF-8712E4EECE7C} = {827E0CD3-B72D-47B6-A68D-7590B98EB39B}
	EndGlobalSection
EndGlobal
